
Microsoft Visual Studio Solution File, Format Version 12.00
# Visual Studio Version 17
VisualStudioVersion = 17.6.33829.357
MinimumVisualStudioVersion = 10.0.40219.1
Project("{FAE04EC0-301F-11D3-BF4B-00C04F79EFBC}") = "MovieNewMovie", "MovieNewMovie\MovieNewMovie.csproj", "{589E9EC9-67CF-4131-AA78-3A0211992EEB}"
EndProject
Global
	GlobalSection(SolutionConfigurationPlatforms) = preSolution
		Debug|Any CPU = Debug|Any CPU
		Release|Any CPU = Release|Any CPU
	EndGlobalSection
	GlobalSection(ProjectConfigurationPlatforms) = postSolution
		{589E9EC9-67CF-4131-AA78-3A0211992EEB}.Debug|Any CPU.ActiveCfg = Debug|Any CPU
		{589E9EC9-67CF-4131-AA78-3A0211992EEB}.Debug|Any CPU.Build.0 = Debug|Any CPU
		{589E9EC9-67CF-4131-AA78-3A0211992EEB}.Release|Any CPU.ActiveCfg = Release|Any CPU
		{589E9EC9-67CF-4131-AA78-3A0211992EEB}.Release|Any CPU.Build.0 = Release|Any CPU
	EndGlobalSection
	GlobalSection(SolutionProperties) = preSolution
		HideSolutionNode = FALSE
	EndGlobalSection
	GlobalSection(ExtensibilityGlobals) = postSolution
		SolutionGuid = {EC19D046-75C8-4E15-92EE-E770B7394E75}
	EndGlobalSection
EndGlobal
